
Microsoft Visual Studio Solution File, Format Version 12.00
# Visual Studio 2013
VisualStudioVersion = 12.0.31101.0
MinimumVisualStudioVersion = 10.0.40219.1
Project("{FAE04EC0-301F-11D3-BF4B-00C04F79EFBC}") = "TranslateHelper.Droid", "TranslateHelper.Droid\TranslateHelper.Droid.csproj", "{9D547F07-3170-48AA-8321-D9E5567998D4}"
EndProject
Project("{FAE04EC0-301F-11D3-BF4B-00C04F79EFBC}") = "TranslateHelper.Droid.UITests", "TranslateHelper.Droid.UITests\TranslateHelper.Droid.UITests.csproj", "{26EB8149-5664-43C3-A429-CB65B2A32E14}"
EndProject
Project("{FAE04EC0-301F-11D3-BF4B-00C04F79EFBC}") = "TranslateHelper.Core", "TranslateHelper.Core\TranslateHelper.Core.csproj", "{1592AA1A-5A03-4FFD-B2AA-CBE34AC1FF50}"
EndProject
Project("{2150E333-8FDC-42A3-9474-1A3956D46DE8}") = "Solution Items", "Solution Items", "{33B8C3AF-482F-4821-94F9-A9F100CAA312}"
	ProjectSection(SolutionItems) = preProject
		links.txt = links.txt
		TranslateHelper.pdf = TranslateHelper.pdf
	EndProjectSection
EndProject
Global
	GlobalSection(SolutionConfigurationPlatforms) = preSolution
		Debug|Any CPU = Debug|Any CPU
		Release|Any CPU = Release|Any CPU
	EndGlobalSection
	GlobalSection(ProjectConfigurationPlatforms) = postSolution
		{9D547F07-3170-48AA-8321-D9E5567998D4}.Debug|Any CPU.ActiveCfg = Debug|Any CPU
		{9D547F07-3170-48AA-8321-D9E5567998D4}.Debug|Any CPU.Build.0 = Debug|Any CPU
		{9D547F07-3170-48AA-8321-D9E5567998D4}.Debug|Any CPU.Deploy.0 = Debug|Any CPU
		{9D547F07-3170-48AA-8321-D9E5567998D4}.Release|Any CPU.ActiveCfg = Release|Any CPU
		{9D547F07-3170-48AA-8321-D9E5567998D4}.Release|Any CPU.Build.0 = Release|Any CPU
		{26EB8149-5664-43C3-A429-CB65B2A32E14}.Debug|Any CPU.ActiveCfg = Debug|Any CPU
		{26EB8149-5664-43C3-A429-CB65B2A32E14}.Debug|Any CPU.Build.0 = Debug|Any CPU
		{26EB8149-5664-43C3-A429-CB65B2A32E14}.Release|Any CPU.ActiveCfg = Release|Any CPU
		{26EB8149-5664-43C3-A429-CB65B2A32E14}.Release|Any CPU.Build.0 = Release|Any CPU
		{1592AA1A-5A03-4FFD-B2AA-CBE34AC1FF50}.Debug|Any CPU.ActiveCfg = Debug|Any CPU
		{1592AA1A-5A03-4FFD-B2AA-CBE34AC1FF50}.Debug|Any CPU.Build.0 = Debug|Any CPU
		{1592AA1A-5A03-4FFD-B2AA-CBE34AC1FF50}.Release|Any CPU.ActiveCfg = Release|Any CPU
		{1592AA1A-5A03-4FFD-B2AA-CBE34AC1FF50}.Release|Any CPU.Build.0 = Release|Any CPU
	EndGlobalSection
	GlobalSection(SolutionProperties) = preSolution
		HideSolutionNode = FALSE
	EndGlobalSection
EndGlobal
